// !$*UTF8*$!
{
	archiveVersion = 1;
	classes = {
	};
	objectVersion = 50;
	objects = {

/* Begin PBXBuildFile section */
		82747DFC24C98FC900577190 /* AppDelegate.swift in Sources */ = {isa = PBXBuildFile; fileRef = 82747DFB24C98FC900577190 /* AppDelegate.swift */; };
		82747DFE24C98FC900577190 /* SceneDelegate.swift in Sources */ = {isa = PBXBuildFile; fileRef = 82747DFD24C98FC900577190 /* SceneDelegate.swift */; };
		82747E0024C98FC900577190 /* MVCCounterView.swift in Sources */ = {isa = PBXBuildFile; fileRef = 82747DFF24C98FC900577190 /* MVCCounterView.swift */; };
		82747E0224C98FD200577190 /* Assets.xcassets in Resources */ = {isa = PBXBuildFile; fileRef = 82747E0124C98FD200577190 /* Assets.xcassets */; };
		82747E0524C98FD200577190 /* Preview Assets.xcassets in Resources */ = {isa = PBXBuildFile; fileRef = 82747E0424C98FD200577190 /* Preview Assets.xcassets */; };
		82747E0824C98FD200577190 /* LaunchScreen.storyboard in Resources */ = {isa = PBXBuildFile; fileRef = 82747E0624C98FD200577190 /* LaunchScreen.storyboard */; };
		82747E1524C9905300577190 /* MVCCounterViewModel.swift in Sources */ = {isa = PBXBuildFile; fileRef = 82747E1424C9905300577190 /* MVCCounterViewModel.swift */; };
		82747E1724C9907C00577190 /* MVCCounterDisplayLogic.swift in Sources */ = {isa = PBXBuildFile; fileRef = 82747E1624C9907C00577190 /* MVCCounterDisplayLogic.swift */; };
		82747E1B24C990C600577190 /* MVCCounterViewAdapter.swift in Sources */ = {isa = PBXBuildFile; fileRef = 82747E1A24C990C600577190 /* MVCCounterViewAdapter.swift */; };
		82747E1E24C9910900577190 /* CustomButton.swift in Sources */ = {isa = PBXBuildFile; fileRef = 82747E1D24C9910900577190 /* CustomButton.swift */; };
		82747E2424C9A71F00577190 /* CounterViewAdapter.swift in Sources */ = {isa = PBXBuildFile; fileRef = 82747E2324C9A71F00577190 /* CounterViewAdapter.swift */; };
		82747E2624C9A75300577190 /* CounterInteractor.swift in Sources */ = {isa = PBXBuildFile; fileRef = 82747E2524C9A75300577190 /* CounterInteractor.swift */; };
		82747E2824C9A77600577190 /* CounterPresenter.swift in Sources */ = {isa = PBXBuildFile; fileRef = 82747E2724C9A77600577190 /* CounterPresenter.swift */; };
		82747E2A24C9A7BA00577190 /* CounterDisplayLogic.swift in Sources */ = {isa = PBXBuildFile; fileRef = 82747E2924C9A7BA00577190 /* CounterDisplayLogic.swift */; };
		82747E2C24C9A7F700577190 /* CounterModels.swift in Sources */ = {isa = PBXBuildFile; fileRef = 82747E2B24C9A7F700577190 /* CounterModels.swift */; };
		82747E2E24C9A83D00577190 /* CounterView.swift in Sources */ = {isa = PBXBuildFile; fileRef = 82747E2D24C9A83D00577190 /* CounterView.swift */; };
		82747E3024C9A90700577190 /* MVCCounterViewController.swift in Sources */ = {isa = PBXBuildFile; fileRef = 82747E2F24C9A90700577190 /* MVCCounterViewController.swift */; };
		82747E3224C9A91700577190 /* MVCCounter.storyboard in Resources */ = {isa = PBXBuildFile; fileRef = 82747E3124C9A91700577190 /* MVCCounter.storyboard */; };
		82747E3524C9AAFB00577190 /* CustomButtonUIKit.swift in Sources */ = {isa = PBXBuildFile; fileRef = 82747E3424C9AAFB00577190 /* CustomButtonUIKit.swift */; };
		82747E3724C9AE1E00577190 /* CounterViewController.swift in Sources */ = {isa = PBXBuildFile; fileRef = 82747E3624C9AE1E00577190 /* CounterViewController.swift */; };
		82747E3924C9AE2E00577190 /* CounterStoryboard.storyboard in Resources */ = {isa = PBXBuildFile; fileRef = 82747E3824C9AE2D00577190 /* CounterStoryboard.storyboard */; };
/* End PBXBuildFile section */

/* Begin PBXFileReference section */
		82747DF824C98FC900577190 /* Counter SwiftUI.app */ = {isa = PBXFileReference; explicitFileType = wrapper.application; includeInIndex = 0; path = "Counter SwiftUI.app"; sourceTree = BUILT_PRODUCTS_DIR; };
		82747DFB24C98FC900577190 /* AppDelegate.swift */ = {isa = PBXFileReference; lastKnownFileType = sourcecode.swift; path = AppDelegate.swift; sourceTree = "<group>"; };
		82747DFD24C98FC900577190 /* SceneDelegate.swift */ = {isa = PBXFileReference; lastKnownFileType = sourcecode.swift; path = SceneDelegate.swift; sourceTree = "<group>"; };
		82747DFF24C98FC900577190 /* MVCCounterView.swift */ = {isa = PBXFileReference; lastKnownFileType = sourcecode.swift; path = MVCCounterView.swift; sourceTree = "<group>"; };
		82747E0124C98FD200577190 /* Assets.xcassets */ = {isa = PBXFileReference; lastKnownFileType = folder.assetcatalog; path = Assets.xcassets; sourceTree = "<group>"; };
		82747E0424C98FD200577190 /* Preview Assets.xcassets */ = {isa = PBXFileReference; lastKnownFileType = folder.assetcatalog; path = "Preview Assets.xcassets"; sourceTree = "<group>"; };
		82747E0724C98FD200577190 /* Base */ = {isa = PBXFileReference; lastKnownFileType = file.storyboard; name = Base; path = Base.lproj/LaunchScreen.storyboard; sourceTree = "<group>"; };
		82747E0924C98FD200577190 /* Info.plist */ = {isa = PBXFileReference; lastKnownFileType = text.plist.xml; path = Info.plist; sourceTree = "<group>"; };
		82747E1424C9905300577190 /* MVCCounterViewModel.swift */ = {isa = PBXFileReference; lastKnownFileType = sourcecode.swift; path = MVCCounterViewModel.swift; sourceTree = "<group>"; };
		82747E1624C9907C00577190 /* MVCCounterDisplayLogic.swift */ = {isa = PBXFileReference; lastKnownFileType = sourcecode.swift; path = MVCCounterDisplayLogic.swift; sourceTree = "<group>"; };
		82747E1A24C990C600577190 /* MVCCounterViewAdapter.swift */ = {isa = PBXFileReference; lastKnownFileType = sourcecode.swift; path = MVCCounterViewAdapter.swift; sourceTree = "<group>"; };
		82747E1D24C9910900577190 /* CustomButton.swift */ = {isa = PBXFileReference; lastKnownFileType = sourcecode.swift; path = CustomButton.swift; sourceTree = "<group>"; };
		82747E2324C9A71F00577190 /* CounterViewAdapter.swift */ = {isa = PBXFileReference; lastKnownFileType = sourcecode.swift; path = CounterViewAdapter.swift; sourceTree = "<group>"; };
		82747E2524C9A75300577190 /* CounterInteractor.swift */ = {isa = PBXFileReference; lastKnownFileType = sourcecode.swift; path = CounterInteractor.swift; sourceTree = "<group>"; };
		82747E2724C9A77600577190 /* CounterPresenter.swift */ = {isa = PBXFileReference; lastKnownFileType = sourcecode.swift; path = CounterPresenter.swift; sourceTree = "<group>"; };
		82747E2924C9A7BA00577190 /* CounterDisplayLogic.swift */ = {isa = PBXFileReference; lastKnownFileType = sourcecode.swift; path = CounterDisplayLogic.swift; sourceTree = "<group>"; };
		82747E2B24C9A7F700577190 /* CounterModels.swift */ = {isa = PBXFileReference; lastKnownFileType = sourcecode.swift; path = CounterModels.swift; sourceTree = "<group>"; };
		82747E2D24C9A83D00577190 /* CounterView.swift */ = {isa = PBXFileReference; lastKnownFileType = sourcecode.swift; path = CounterView.swift; sourceTree = "<group>"; };
		82747E2F24C9A90700577190 /* MVCCounterViewController.swift */ = {isa = PBXFileReference; lastKnownFileType = sourcecode.swift; path = MVCCounterViewController.swift; sourceTree = "<group>"; };
		82747E3124C9A91700577190 /* MVCCounter.storyboard */ = {isa = PBXFileReference; lastKnownFileType = file.storyboard; path = MVCCounter.storyboard; sourceTree = "<group>"; };
		82747E3424C9AAFB00577190 /* CustomButtonUIKit.swift */ = {isa = PBXFileReference; lastKnownFileType = sourcecode.swift; path = CustomButtonUIKit.swift; sourceTree = "<group>"; };
		82747E3624C9AE1E00577190 /* CounterViewController.swift */ = {isa = PBXFileReference; lastKnownFileType = sourcecode.swift; path = CounterViewController.swift; sourceTree = "<group>"; };
		82747E3824C9AE2D00577190 /* CounterStoryboard.storyboard */ = {isa = PBXFileReference; lastKnownFileType = file.storyboard; path = CounterStoryboard.storyboard; sourceTree = "<group>"; };
/* End PBXFileReference section */

/* Begin PBXFrameworksBuildPhase section */
		82747DF524C98FC900577190 /* Frameworks */ = {
			isa = PBXFrameworksBuildPhase;
			buildActionMask = 2147483647;
			files = (
			);
			runOnlyForDeploymentPostprocessing = 0;
		};
/* End PBXFrameworksBuildPhase section */

/* Begin PBXGroup section */
		82747DEF24C98FC900577190 = {
			isa = PBXGroup;
			children = (
				82747E1324C9901500577190 /* Supporting Files */,
				82747E0F24C98FF000577190 /* Shared Code */,
				82747DFA24C98FC900577190 /* Counter */,
				82747DF924C98FC900577190 /* Products */,
			);
			sourceTree = "<group>";
		};
		82747DF924C98FC900577190 /* Products */ = {
			isa = PBXGroup;
			children = (
				82747DF824C98FC900577190 /* Counter SwiftUI.app */,
			);
			name = Products;
			sourceTree = "<group>";
		};
		82747DFA24C98FC900577190 /* Counter */ = {
			isa = PBXGroup;
			children = (
				82747E1924C990A800577190 /* SwiftUI */,
				82747E1824C990A100577190 /* UIKit */,
				82747E0324C98FD200577190 /* Preview Content */,
			);
			path = Counter;
			sourceTree = "<group>";
		};
		82747E0324C98FD200577190 /* Preview Content */ = {
			isa = PBXGroup;
			children = (
				82747E0424C98FD200577190 /* Preview Assets.xcassets */,
			);
			path = "Preview Content";
			sourceTree = "<group>";
		};
		82747E0F24C98FF000577190 /* Shared Code */ = {
			isa = PBXGroup;
			children = (
				82747E3A24C9AF3300577190 /* Views */,
				82747E1024C98FFB00577190 /* Business Logic */,
			);
			path = "Shared Code";
			sourceTree = "<group>";
		};
		82747E1024C98FFB00577190 /* Business Logic */ = {
			isa = PBXGroup;
			children = (
				82747E1124C9900400577190 /* MVC */,
				82747E1224C9900A00577190 /* Clean Swift */,
			);
			path = "Business Logic";
			sourceTree = "<group>";
		};
		82747E1124C9900400577190 /* MVC */ = {
			isa = PBXGroup;
			children = (
				82747E1424C9905300577190 /* MVCCounterViewModel.swift */,
				82747E1624C9907C00577190 /* MVCCounterDisplayLogic.swift */,
			);
			path = MVC;
			sourceTree = "<group>";
		};
		82747E1224C9900A00577190 /* Clean Swift */ = {
			isa = PBXGroup;
			children = (
				82747E2524C9A75300577190 /* CounterInteractor.swift */,
				82747E2724C9A77600577190 /* CounterPresenter.swift */,
				82747E2924C9A7BA00577190 /* CounterDisplayLogic.swift */,
				82747E2B24C9A7F700577190 /* CounterModels.swift */,
			);
			path = "Clean Swift";
			sourceTree = "<group>";
		};
		82747E1324C9901500577190 /* Supporting Files */ = {
			isa = PBXGroup;
			children = (
				82747DFB24C98FC900577190 /* AppDelegate.swift */,
				82747DFD24C98FC900577190 /* SceneDelegate.swift */,
				82747E0124C98FD200577190 /* Assets.xcassets */,
				82747E0624C98FD200577190 /* LaunchScreen.storyboard */,
				82747E0924C98FD200577190 /* Info.plist */,
			);
			path = "Supporting Files";
			sourceTree = "<group>";
		};
		82747E1824C990A100577190 /* UIKit */ = {
			isa = PBXGroup;
			children = (
				82747E2124C9A65500577190 /* MVC */,
				82747E2224C9A65B00577190 /* Clean Swift */,
			);
			path = UIKit;
			sourceTree = "<group>";
		};
		82747E1924C990A800577190 /* SwiftUI */ = {
			isa = PBXGroup;
			children = (
				82747E1F24C9914F00577190 /* MVC */,
				82747E2024C9A63B00577190 /* Clean Swift */,
			);
			path = SwiftUI;
			sourceTree = "<group>";
		};
		82747E1C24C990FE00577190 /* SwiftUI */ = {
			isa = PBXGroup;
			children = (
				82747E1D24C9910900577190 /* CustomButton.swift */,
			);
			path = SwiftUI;
			sourceTree = "<group>";
		};
		82747E1F24C9914F00577190 /* MVC */ = {
			isa = PBXGroup;
			children = (
				82747E1A24C990C600577190 /* MVCCounterViewAdapter.swift */,
				82747DFF24C98FC900577190 /* MVCCounterView.swift */,
			);
			path = MVC;
			sourceTree = "<group>";
		};
		82747E2024C9A63B00577190 /* Clean Swift */ = {
			isa = PBXGroup;
			children = (
				82747E2324C9A71F00577190 /* CounterViewAdapter.swift */,
				82747E2D24C9A83D00577190 /* CounterView.swift */,
			);
			path = "Clean Swift";
			sourceTree = "<group>";
		};
		82747E2124C9A65500577190 /* MVC */ = {
			isa = PBXGroup;
			children = (
				82747E2F24C9A90700577190 /* MVCCounterViewController.swift */,
				82747E3124C9A91700577190 /* MVCCounter.storyboard */,
			);
			path = MVC;
			sourceTree = "<group>";
		};
		82747E2224C9A65B00577190 /* Clean Swift */ = {
			isa = PBXGroup;
			children = (
				82747E3624C9AE1E00577190 /* CounterViewController.swift */,
				82747E3824C9AE2D00577190 /* CounterStoryboard.storyboard */,
			);
			path = "Clean Swift";
			sourceTree = "<group>";
		};
		82747E3324C9AADA00577190 /* UIKit */ = {
			isa = PBXGroup;
			children = (
				82747E3424C9AAFB00577190 /* CustomButtonUIKit.swift */,
			);
			path = UIKit;
			sourceTree = "<group>";
		};
		82747E3A24C9AF3300577190 /* Views */ = {
			isa = PBXGroup;
			children = (
				82747E3324C9AADA00577190 /* UIKit */,
				82747E1C24C990FE00577190 /* SwiftUI */,
			);
			path = Views;
			sourceTree = "<group>";
		};
/* End PBXGroup section */

/* Begin PBXNativeTarget section */
		82747DF724C98FC900577190 /* Counter SwiftUI */ = {
			isa = PBXNativeTarget;
			buildConfigurationList = 82747E0C24C98FD200577190 /* Build configuration list for PBXNativeTarget "Counter SwiftUI" */;
			buildPhases = (
				82747DF424C98FC900577190 /* Sources */,
				82747DF524C98FC900577190 /* Frameworks */,
				82747DF624C98FC900577190 /* Resources */,
			);
			buildRules = (
			);
			dependencies = (
			);
			name = "Counter SwiftUI";
			productName = "Counter SwiftUI";
			productReference = 82747DF824C98FC900577190 /* Counter SwiftUI.app */;
			productType = "com.apple.product-type.application";
		};
/* End PBXNativeTarget section */

/* Begin PBXProject section */
		82747DF024C98FC900577190 /* Project object */ = {
			isa = PBXProject;
			attributes = {
				LastSwiftUpdateCheck = 1150;
				LastUpgradeCheck = 1150;
				ORGANIZATIONNAME = "Tim Mikelj";
				TargetAttributes = {
					82747DF724C98FC900577190 = {
						CreatedOnToolsVersion = 11.5;
					};
				};
			};
			buildConfigurationList = 82747DF324C98FC900577190 /* Build configuration list for PBXProject "Counter SwiftUI & UIKit Hybrid" */;
			compatibilityVersion = "Xcode 9.3";
			developmentRegion = en;
			hasScannedForEncodings = 0;
			knownRegions = (
				en,
				Base,
			);
			mainGroup = 82747DEF24C98FC900577190;
			productRefGroup = 82747DF924C98FC900577190 /* Products */;
			projectDirPath = "";
			projectRoot = "";
			targets = (
				82747DF724C98FC900577190 /* Counter SwiftUI */,
			);
		};
/* End PBXProject section */

/* Begin PBXResourcesBuildPhase section */
		82747DF624C98FC900577190 /* Resources */ = {
			isa = PBXResourcesBuildPhase;
			buildActionMask = 2147483647;
			files = (
				82747E3924C9AE2E00577190 /* CounterStoryboard.storyboard in Resources */,
				82747E0824C98FD200577190 /* LaunchScreen.storyboard in Resources */,
				82747E0524C98FD200577190 /* Preview Assets.xcassets in Resources */,
				82747E3224C9A91700577190 /* MVCCounter.storyboard in Resources */,
				82747E0224C98FD200577190 /* Assets.xcassets in Resources */,
			);
			runOnlyForDeploymentPostprocessing = 0;
		};
/* End PBXResourcesBuildPhase section */

/* Begin PBXSourcesBuildPhase section */
		82747DF424C98FC900577190 /* Sources */ = {
			isa = PBXSourcesBuildPhase;
			buildActionMask = 2147483647;
			files = (
				82747E3524C9AAFB00577190 /* CustomButtonUIKit.swift in Sources */,
				82747E1724C9907C00577190 /* MVCCounterDisplayLogic.swift in Sources */,
				82747DFC24C98FC900577190 /* AppDelegate.swift in Sources */,
				82747E1B24C990C600577190 /* MVCCounterViewAdapter.swift in Sources */,
				82747DFE24C98FC900577190 /* SceneDelegate.swift in Sources */,
				82747E3724C9AE1E00577190 /* CounterViewController.swift in Sources */,
				82747E1E24C9910900577190 /* CustomButton.swift in Sources */,
				82747E2824C9A77600577190 /* CounterPresenter.swift in Sources */,
				82747E2A24C9A7BA00577190 /* CounterDisplayLogic.swift in Sources */,
				82747E1524C9905300577190 /* MVCCounterViewModel.swift in Sources */,
				82747E2E24C9A83D00577190 /* CounterView.swift in Sources */,
				82747E0024C98FC900577190 /* MVCCounterView.swift in Sources */,
				82747E3024C9A90700577190 /* MVCCounterViewController.swift in Sources */,
				82747E2624C9A75300577190 /* CounterInteractor.swift in Sources */,
				82747E2C24C9A7F700577190 /* CounterModels.swift in Sources */,
				82747E2424C9A71F00577190 /* CounterViewAdapter.swift in Sources */,
			);
			runOnlyForDeploymentPostprocessing = 0;
		};
/* End PBXSourcesBuildPhase section */

/* Begin PBXVariantGroup section */
		82747E0624C98FD200577190 /* LaunchScreen.storyboard */ = {
			isa = PBXVariantGroup;
			children = (
				82747E0724C98FD200577190 /* Base */,
			);
			name = LaunchScreen.storyboard;
			sourceTree = "<group>";
		};
/* End PBXVariantGroup section */

/* Begin XCBuildConfiguration section */
		82747E0A24C98FD200577190 /* Debug */ = {
			isa = XCBuildConfiguration;
			buildSettings = {
				ALWAYS_SEARCH_USER_PATHS = NO;
				CLANG_ANALYZER_NONNULL = YES;
				CLANG_ANALYZER_NUMBER_OBJECT_CONVERSION = YES_AGGRESSIVE;
				CLANG_CXX_LANGUAGE_STANDARD = "gnu++14";
				CLANG_CXX_LIBRARY = "libc++";
				CLANG_ENABLE_MODULES = YES;
				CLANG_ENABLE_OBJC_ARC = YES;
				CLANG_ENABLE_OBJC_WEAK = YES;
				CLANG_WARN_BLOCK_CAPTURE_AUTORELEASING = YES;
				CLANG_WARN_BOOL_CONVERSION = YES;
				CLANG_WARN_COMMA = YES;
				CLANG_WARN_CONSTANT_CONVERSION = YES;
				CLANG_WARN_DEPRECATED_OBJC_IMPLEMENTATIONS = YES;
				CLANG_WARN_DIRECT_OBJC_ISA_USAGE = YES_ERROR;
				CLANG_WARN_DOCUMENTATION_COMMENTS = YES;
				CLANG_WARN_EMPTY_BODY = YES;
				CLANG_WARN_ENUM_CONVERSION = YES;
				CLANG_WARN_INFINITE_RECURSION = YES;
				CLANG_WARN_INT_CONVERSION = YES;
				CLANG_WARN_NON_LITERAL_NULL_CONVERSION = YES;
				CLANG_WARN_OBJC_IMPLICIT_RETAIN_SELF = YES;
				CLANG_WARN_OBJC_LITERAL_CONVERSION = YES;
				CLANG_WARN_OBJC_ROOT_CLASS = YES_ERROR;
				CLANG_WARN_RANGE_LOOP_ANALYSIS = YES;
				CLANG_WARN_STRICT_PROTOTYPES = YES;
				CLANG_WARN_SUSPICIOUS_MOVE = YES;
				CLANG_WARN_UNGUARDED_AVAILABILITY = YES_AGGRESSIVE;
				CLANG_WARN_UNREACHABLE_CODE = YES;
				CLANG_WARN__DUPLICATE_METHOD_MATCH = YES;
				COPY_PHASE_STRIP = NO;
				DEBUG_INFORMATION_FORMAT = dwarf;
				ENABLE_STRICT_OBJC_MSGSEND = YES;
				ENABLE_TESTABILITY = YES;
				GCC_C_LANGUAGE_STANDARD = gnu11;
				GCC_DYNAMIC_NO_PIC = NO;
				GCC_NO_COMMON_BLOCKS = YES;
				GCC_OPTIMIZATION_LEVEL = 0;
				GCC_PREPROCESSOR_DEFINITIONS = (
					"DEBUG=1",
					"$(inherited)",
				);
				GCC_WARN_64_TO_32_BIT_CONVERSION = YES;
				GCC_WARN_ABOUT_RETURN_TYPE = YES_ERROR;
				GCC_WARN_UNDECLARED_SELECTOR = YES;
				GCC_WARN_UNINITIALIZED_AUTOS = YES_AGGRESSIVE;
				GCC_WARN_UNUSED_FUNCTION = YES;
				GCC_WARN_UNUSED_VARIABLE = YES;
				IPHONEOS_DEPLOYMENT_TARGET = 13.5;
				MTL_ENABLE_DEBUG_INFO = INCLUDE_SOURCE;
				MTL_FAST_MATH = YES;
				ONLY_ACTIVE_ARCH = YES;
				SDKROOT = iphoneos;
				SWIFT_ACTIVE_COMPILATION_CONDITIONS = DEBUG;
				SWIFT_OPTIMIZATION_LEVEL = "-Onone";
			};
			name = Debug;
		};
		82747E0B24C98FD200577190 /* Release */ = {
			isa = XCBuildConfiguration;
			buildSettings = {
				ALWAYS_SEARCH_USER_PATHS = NO;
				CLANG_ANALYZER_NONNULL = YES;
				CLANG_ANALYZER_NUMBER_OBJECT_CONVERSION = YES_AGGRESSIVE;
				CLANG_CXX_LANGUAGE_STANDARD = "gnu++14";
				CLANG_CXX_LIBRARY = "libc++";
				CLANG_ENABLE_MODULES = YES;
				CLANG_ENABLE_OBJC_ARC = YES;
				CLANG_ENABLE_OBJC_WEAK = YES;
				CLANG_WARN_BLOCK_CAPTURE_AUTORELEASING = YES;
				CLANG_WARN_BOOL_CONVERSION = YES;
				CLANG_WARN_COMMA = YES;
				CLANG_WARN_CONSTANT_CONVERSION = YES;
				CLANG_WARN_DEPRECATED_OBJC_IMPLEMENTATIONS = YES;
				CLANG_WARN_DIRECT_OBJC_ISA_USAGE = YES_ERROR;
				CLANG_WARN_DOCUMENTATION_COMMENTS = YES;
				CLANG_WARN_EMPTY_BODY = YES;
				CLANG_WARN_ENUM_CONVERSION = YES;
				CLANG_WARN_INFINITE_RECURSION = YES;
				CLANG_WARN_INT_CONVERSION = YES;
				CLANG_WARN_NON_LITERAL_NULL_CONVERSION = YES;
				CLANG_WARN_OBJC_IMPLICIT_RETAIN_SELF = YES;
				CLANG_WARN_OBJC_LITERAL_CONVERSION = YES;
				CLANG_WARN_OBJC_ROOT_CLASS = YES_ERROR;
				CLANG_WARN_RANGE_LOOP_ANALYSIS = YES;
				CLANG_WARN_STRICT_PROTOTYPES = YES;
				CLANG_WARN_SUSPICIOUS_MOVE = YES;
				CLANG_WARN_UNGUARDED_AVAILABILITY = YES_AGGRESSIVE;
				CLANG_WARN_UNREACHABLE_CODE = YES;
				CLANG_WARN__DUPLICATE_METHOD_MATCH = YES;
				COPY_PHASE_STRIP = NO;
				DEBUG_INFORMATION_FORMAT = "dwarf-with-dsym";
				ENABLE_NS_ASSERTIONS = NO;
				ENABLE_STRICT_OBJC_MSGSEND = YES;
				GCC_C_LANGUAGE_STANDARD = gnu11;
				GCC_NO_COMMON_BLOCKS = YES;
				GCC_WARN_64_TO_32_BIT_CONVERSION = YES;
				GCC_WARN_ABOUT_RETURN_TYPE = YES_ERROR;
				GCC_WARN_UNDECLARED_SELECTOR = YES;
				GCC_WARN_UNINITIALIZED_AUTOS = YES_AGGRESSIVE;
				GCC_WARN_UNUSED_FUNCTION = YES;
				GCC_WARN_UNUSED_VARIABLE = YES;
				IPHONEOS_DEPLOYMENT_TARGET = 13.5;
				MTL_ENABLE_DEBUG_INFO = NO;
				MTL_FAST_MATH = YES;
				SDKROOT = iphoneos;
				SWIFT_COMPILATION_MODE = wholemodule;
				SWIFT_OPTIMIZATION_LEVEL = "-O";
				VALIDATE_PRODUCT = YES;
			};
			name = Release;
		};
		82747E0D24C98FD200577190 /* Debug */ = {
			isa = XCBuildConfiguration;
			buildSettings = {
				ASSETCATALOG_COMPILER_APPICON_NAME = AppIcon;
				CODE_SIGN_STYLE = Automatic;
				DEVELOPMENT_ASSET_PATHS = "\"Counter/Preview Content\"";
				DEVELOPMENT_TEAM = 43HPDBHL29;
				ENABLE_PREVIEWS = YES;
				INFOPLIST_FILE = "Supporting Files/Info.plist";
				LD_RUNPATH_SEARCH_PATHS = (
					"$(inherited)",
					"@executable_path/Frameworks",
				);
				PRODUCT_BUNDLE_IDENTIFIER = "com.timmikelj.Counter-SwiftUI";
				PRODUCT_NAME = "$(TARGET_NAME)";
				SWIFT_VERSION = 5.0;
				TARGETED_DEVICE_FAMILY = "1,2";
			};
			name = Debug;
		};
		82747E0E24C98FD200577190 /* Release */ = {
			isa = XCBuildConfiguration;
			buildSettings = {
				ASSETCATALOG_COMPILER_APPICON_NAME = AppIcon;
				CODE_SIGN_STYLE = Automatic;
				DEVELOPMENT_ASSET_PATHS = "\"Counter/Preview Content\"";
				DEVELOPMENT_TEAM = 43HPDBHL29;
				ENABLE_PREVIEWS = YES;
				INFOPLIST_FILE = "Supporting Files/Info.plist";
				LD_RUNPATH_SEARCH_PATHS = (
					"$(inherited)",
					"@executable_path/Frameworks",
				);
				PRODUCT_BUNDLE_IDENTIFIER = "com.timmikelj.Counter-SwiftUI";
				PRODUCT_NAME = "$(TARGET_NAME)";
				SWIFT_VERSION = 5.0;
				TARGETED_DEVICE_FAMILY = "1,2";
			};
			name = Release;
		};
/* End XCBuildConfiguration section */

/* Begin XCConfigurationList section */
		82747DF324C98FC900577190 /* Build configuration list for PBXProject "Counter SwiftUI & UIKit Hybrid" */ = {
			isa = XCConfigurationList;
			buildConfigurations = (
				82747E0A24C98FD200577190 /* Debug */,
				82747E0B24C98FD200577190 /* Release */,
			);
			defaultConfigurationIsVisible = 0;
			defaultConfigurationName = Release;
		};
		82747E0C24C98FD200577190 /* Build configuration list for PBXNativeTarget "Counter SwiftUI" */ = {
			isa = XCConfigurationList;
			buildConfigurations = (
				82747E0D24C98FD200577190 /* Debug */,
				82747E0E24C98FD200577190 /* Release */,
			);
			defaultConfigurationIsVisible = 0;
			defaultConfigurationName = Release;
		};
/* End XCConfigurationList section */
	};
	rootObject = 82747DF024C98FC900577190 /* Project object */;
}
