// !$*UTF8*$!
{
	archiveVersion = 1;
	classes = {
	};
	objectVersion = 50;
	objects = {

/* Begin PBXBuildFile section */
		8247C35224D2B8D900DDF97B /* CounterViewControllerWrapper.swift in Sources */ = {isa = PBXBuildFile; fileRef = 8247C35124D2B8D900DDF97B /* CounterViewControllerWrapper.swift */; };
		82747DFC24C98FC900577190 /* AppDelegate.swift in Sources */ = {isa = PBXBuildFile; fileRef = 82747DFB24C98FC900577190 /* AppDelegate.swift */; };
		82747DFE24C98FC900577190 /* SceneDelegate.swift in Sources */ = {isa = PBXBuildFile; fileRef = 82747DFD24C98FC900577190 /* SceneDelegate.swift */; };
		82747E0024C98FC900577190 /* MVCCounterView.swift in Sources */ = {isa = PBXBuildFile; fileRef = 82747DFF24C98FC900577190 /* MVCCounterView.swift */; };
		82747E0224C98FD200577190 /* Assets.xcassets in Resources */ = {isa = PBXBuildFile; fileRef = 82747E0124C98FD200577190 /* Assets.xcassets */; };
		82747E0824C98FD200577190 /* LaunchScreen.storyboard in Resources */ = {isa = PBXBuildFile; fileRef = 82747E0624C98FD200577190 /* LaunchScreen.storyboard */; };
		82747E1524C9905300577190 /* MVCCounterViewModel.swift in Sources */ = {isa = PBXBuildFile; fileRef = 82747E1424C9905300577190 /* MVCCounterViewModel.swift */; };
		82747E1724C9907C00577190 /* MVCCounterDisplayLogic.swift in Sources */ = {isa = PBXBuildFile; fileRef = 82747E1624C9907C00577190 /* MVCCounterDisplayLogic.swift */; };
		82747E1B24C990C600577190 /* MVCCounterViewAdapter.swift in Sources */ = {isa = PBXBuildFile; fileRef = 82747E1A24C990C600577190 /* MVCCounterViewAdapter.swift */; };
		82747E3024C9A90700577190 /* MVCCounterViewController.swift in Sources */ = {isa = PBXBuildFile; fileRef = 82747E2F24C9A90700577190 /* MVCCounterViewController.swift */; };
		82747E3224C9A91700577190 /* MVCCounter.storyboard in Resources */ = {isa = PBXBuildFile; fileRef = 82747E3124C9A91700577190 /* MVCCounter.storyboard */; };
		82747E3524C9AAFB00577190 /* CustomButtonUIKit.swift in Sources */ = {isa = PBXBuildFile; fileRef = 82747E3424C9AAFB00577190 /* CustomButtonUIKit.swift */; };
		82747E3D24C9AFA400577190 /* CustomButtonUIKit.swift in Sources */ = {isa = PBXBuildFile; fileRef = 82747E3424C9AAFB00577190 /* CustomButtonUIKit.swift */; };
		82747E3F24C9AFA400577190 /* AppDelegate.swift in Sources */ = {isa = PBXBuildFile; fileRef = 82747DFB24C98FC900577190 /* AppDelegate.swift */; };
		82747E4124C9AFA400577190 /* SceneDelegate.swift in Sources */ = {isa = PBXBuildFile; fileRef = 82747DFD24C98FC900577190 /* SceneDelegate.swift */; };
		82747E4224C9AFA400577190 /* CounterViewController.swift in Sources */ = {isa = PBXBuildFile; fileRef = 82747E3624C9AE1E00577190 /* CounterViewController.swift */; };
		82747E4424C9AFA400577190 /* CounterPresenter.swift in Sources */ = {isa = PBXBuildFile; fileRef = 82747E2724C9A77600577190 /* CounterPresenter.swift */; };
		82747E4524C9AFA400577190 /* CounterDisplayLogic.swift in Sources */ = {isa = PBXBuildFile; fileRef = 82747E2924C9A7BA00577190 /* CounterDisplayLogic.swift */; };
		82747E4724C9AFA400577190 /* CounterView.swift in Sources */ = {isa = PBXBuildFile; fileRef = 82747E2D24C9A83D00577190 /* CounterView.swift */; };
		82747E4A24C9AFA400577190 /* CounterInteractor.swift in Sources */ = {isa = PBXBuildFile; fileRef = 82747E2524C9A75300577190 /* CounterInteractor.swift */; };
		82747E4B24C9AFA400577190 /* CounterModels.swift in Sources */ = {isa = PBXBuildFile; fileRef = 82747E2B24C9A7F700577190 /* CounterModels.swift */; };
		82747E4C24C9AFA400577190 /* CounterViewAdapter.swift in Sources */ = {isa = PBXBuildFile; fileRef = 82747E2324C9A71F00577190 /* CounterViewAdapter.swift */; };
		82747E4F24C9AFA400577190 /* CounterStoryboard.storyboard in Resources */ = {isa = PBXBuildFile; fileRef = 82747E3824C9AE2D00577190 /* CounterStoryboard.storyboard */; };
		82747E5024C9AFA400577190 /* LaunchScreen.storyboard in Resources */ = {isa = PBXBuildFile; fileRef = 82747E0624C98FD200577190 /* LaunchScreen.storyboard */; };
		82747E5324C9AFA400577190 /* Assets.xcassets in Resources */ = {isa = PBXBuildFile; fileRef = 82747E0124C98FD200577190 /* Assets.xcassets */; };
		82747E5E24C9B21C00577190 /* HomeView.swift in Sources */ = {isa = PBXBuildFile; fileRef = 82747E5D24C9B21C00577190 /* HomeView.swift */; };
		82747E5F24C9B22100577190 /* HomeView.swift in Sources */ = {isa = PBXBuildFile; fileRef = 82747E5D24C9B21C00577190 /* HomeView.swift */; };
		82747E6224C9B60600577190 /* Color.swift in Sources */ = {isa = PBXBuildFile; fileRef = 82747E6124C9B60600577190 /* Color.swift */; };
		82747E6324C9B66300577190 /* Color.swift in Sources */ = {isa = PBXBuildFile; fileRef = 82747E6124C9B60600577190 /* Color.swift */; };
		82747E6524C9BA8200577190 /* LinearGradient.swift in Sources */ = {isa = PBXBuildFile; fileRef = 82747E6424C9BA8200577190 /* LinearGradient.swift */; };
		82747E6624C9BA9600577190 /* LinearGradient.swift in Sources */ = {isa = PBXBuildFile; fileRef = 82747E6424C9BA8200577190 /* LinearGradient.swift */; };
		82747E6824C9D60A00577190 /* NeumorphicButtonStyle.swift in Sources */ = {isa = PBXBuildFile; fileRef = 82747E6724C9D60A00577190 /* NeumorphicButtonStyle.swift */; };
		82747E6924C9D96100577190 /* NeumorphicButtonStyle.swift in Sources */ = {isa = PBXBuildFile; fileRef = 82747E6724C9D60A00577190 /* NeumorphicButtonStyle.swift */; };
		828FF5CD24CAD57D00083EC0 /* MVCCounterViewControllerWrapper.swift in Sources */ = {isa = PBXBuildFile; fileRef = 828FF5CC24CAD57D00083EC0 /* MVCCounterViewControllerWrapper.swift */; };
		828FF5CF24CAD98E00083EC0 /* UIApplication.swift in Sources */ = {isa = PBXBuildFile; fileRef = 828FF5CE24CAD98E00083EC0 /* UIApplication.swift */; };
/* End PBXBuildFile section */

/* Begin PBXFileReference section */
		8247C35124D2B8D900DDF97B /* CounterViewControllerWrapper.swift */ = {isa = PBXFileReference; lastKnownFileType = sourcecode.swift; path = CounterViewControllerWrapper.swift; sourceTree = "<group>"; };
		82747DF824C98FC900577190 /* Counter SwiftUI & UIKit MVC.app */ = {isa = PBXFileReference; explicitFileType = wrapper.application; includeInIndex = 0; path = "Counter SwiftUI & UIKit MVC.app"; sourceTree = BUILT_PRODUCTS_DIR; };
		82747DFB24C98FC900577190 /* AppDelegate.swift */ = {isa = PBXFileReference; lastKnownFileType = sourcecode.swift; path = AppDelegate.swift; sourceTree = "<group>"; };
		82747DFD24C98FC900577190 /* SceneDelegate.swift */ = {isa = PBXFileReference; lastKnownFileType = sourcecode.swift; path = SceneDelegate.swift; sourceTree = "<group>"; };
		82747DFF24C98FC900577190 /* MVCCounterView.swift */ = {isa = PBXFileReference; lastKnownFileType = sourcecode.swift; path = MVCCounterView.swift; sourceTree = "<group>"; };
		82747E0124C98FD200577190 /* Assets.xcassets */ = {isa = PBXFileReference; lastKnownFileType = folder.assetcatalog; path = Assets.xcassets; sourceTree = "<group>"; };
		82747E0724C98FD200577190 /* Base */ = {isa = PBXFileReference; lastKnownFileType = file.storyboard; name = Base; path = Base.lproj/LaunchScreen.storyboard; sourceTree = "<group>"; };
		82747E0924C98FD200577190 /* Info.plist */ = {isa = PBXFileReference; lastKnownFileType = text.plist.xml; path = Info.plist; sourceTree = "<group>"; };
		82747E1424C9905300577190 /* MVCCounterViewModel.swift */ = {isa = PBXFileReference; lastKnownFileType = sourcecode.swift; path = MVCCounterViewModel.swift; sourceTree = "<group>"; };
		82747E1624C9907C00577190 /* MVCCounterDisplayLogic.swift */ = {isa = PBXFileReference; lastKnownFileType = sourcecode.swift; path = MVCCounterDisplayLogic.swift; sourceTree = "<group>"; };
		82747E1A24C990C600577190 /* MVCCounterViewAdapter.swift */ = {isa = PBXFileReference; lastKnownFileType = sourcecode.swift; path = MVCCounterViewAdapter.swift; sourceTree = "<group>"; };
		82747E2324C9A71F00577190 /* CounterViewAdapter.swift */ = {isa = PBXFileReference; lastKnownFileType = sourcecode.swift; path = CounterViewAdapter.swift; sourceTree = "<group>"; };
		82747E2524C9A75300577190 /* CounterInteractor.swift */ = {isa = PBXFileReference; lastKnownFileType = sourcecode.swift; path = CounterInteractor.swift; sourceTree = "<group>"; };
		82747E2724C9A77600577190 /* CounterPresenter.swift */ = {isa = PBXFileReference; lastKnownFileType = sourcecode.swift; path = CounterPresenter.swift; sourceTree = "<group>"; };
		82747E2924C9A7BA00577190 /* CounterDisplayLogic.swift */ = {isa = PBXFileReference; lastKnownFileType = sourcecode.swift; path = CounterDisplayLogic.swift; sourceTree = "<group>"; };
		82747E2B24C9A7F700577190 /* CounterModels.swift */ = {isa = PBXFileReference; lastKnownFileType = sourcecode.swift; path = CounterModels.swift; sourceTree = "<group>"; };
		82747E2D24C9A83D00577190 /* CounterView.swift */ = {isa = PBXFileReference; lastKnownFileType = sourcecode.swift; path = CounterView.swift; sourceTree = "<group>"; };
		82747E2F24C9A90700577190 /* MVCCounterViewController.swift */ = {isa = PBXFileReference; lastKnownFileType = sourcecode.swift; path = MVCCounterViewController.swift; sourceTree = "<group>"; };
		82747E3124C9A91700577190 /* MVCCounter.storyboard */ = {isa = PBXFileReference; lastKnownFileType = file.storyboard; path = MVCCounter.storyboard; sourceTree = "<group>"; };
		82747E3424C9AAFB00577190 /* CustomButtonUIKit.swift */ = {isa = PBXFileReference; lastKnownFileType = sourcecode.swift; path = CustomButtonUIKit.swift; sourceTree = "<group>"; };
		82747E3624C9AE1E00577190 /* CounterViewController.swift */ = {isa = PBXFileReference; lastKnownFileType = sourcecode.swift; path = CounterViewController.swift; sourceTree = "<group>"; };
		82747E3824C9AE2D00577190 /* CounterStoryboard.storyboard */ = {isa = PBXFileReference; lastKnownFileType = file.storyboard; path = CounterStoryboard.storyboard; sourceTree = "<group>"; };
		82747E5724C9AFA400577190 /* Counter SwiftUI & UIKit Clean Swift.app */ = {isa = PBXFileReference; explicitFileType = wrapper.application; includeInIndex = 0; path = "Counter SwiftUI & UIKit Clean Swift.app"; sourceTree = BUILT_PRODUCTS_DIR; };
		82747E5D24C9B21C00577190 /* HomeView.swift */ = {isa = PBXFileReference; lastKnownFileType = sourcecode.swift; path = HomeView.swift; sourceTree = "<group>"; };
		82747E6124C9B60600577190 /* Color.swift */ = {isa = PBXFileReference; lastKnownFileType = sourcecode.swift; path = Color.swift; sourceTree = "<group>"; };
		82747E6424C9BA8200577190 /* LinearGradient.swift */ = {isa = PBXFileReference; lastKnownFileType = sourcecode.swift; path = LinearGradient.swift; sourceTree = "<group>"; };
		82747E6724C9D60A00577190 /* NeumorphicButtonStyle.swift */ = {isa = PBXFileReference; lastKnownFileType = sourcecode.swift; path = NeumorphicButtonStyle.swift; sourceTree = "<group>"; };
		828FF5CC24CAD57D00083EC0 /* MVCCounterViewControllerWrapper.swift */ = {isa = PBXFileReference; lastKnownFileType = sourcecode.swift; path = MVCCounterViewControllerWrapper.swift; sourceTree = "<group>"; };
		828FF5CE24CAD98E00083EC0 /* UIApplication.swift */ = {isa = PBXFileReference; lastKnownFileType = sourcecode.swift; path = UIApplication.swift; sourceTree = "<group>"; };
/* End PBXFileReference section */

/* Begin PBXFrameworksBuildPhase section */
		82747DF524C98FC900577190 /* Frameworks */ = {
			isa = PBXFrameworksBuildPhase;
			buildActionMask = 2147483647;
			files = (
			);
			runOnlyForDeploymentPostprocessing = 0;
		};
		82747E4D24C9AFA400577190 /* Frameworks */ = {
			isa = PBXFrameworksBuildPhase;
			buildActionMask = 2147483647;
			files = (
			);
			runOnlyForDeploymentPostprocessing = 0;
		};
/* End PBXFrameworksBuildPhase section */

/* Begin PBXGroup section */
		82256F2F24CACEC600EFDE90 /* Clean Swift Implementation */ = {
			isa = PBXGroup;
			children = (
				82256F3124CACF0600EFDE90 /* Shared Code */,
				82256F3724CACF9C00EFDE90 /* UIKit */,
				82256F3624CACF8A00EFDE90 /* SwiftUI */,
			);
			path = "Clean Swift Implementation";
			sourceTree = "<group>";
		};
		82256F3024CACED300EFDE90 /* MVC Implementation */ = {
			isa = PBXGroup;
			children = (
				82256F3224CACF1300EFDE90 /* Shared Code */,
				82256F3524CACF6600EFDE90 /* UIKit */,
				82256F3424CACF5D00EFDE90 /* SwiftUI */,
			);
			path = "MVC Implementation";
			sourceTree = "<group>";
		};
		82256F3124CACF0600EFDE90 /* Shared Code */ = {
			isa = PBXGroup;
			children = (
				82747E2524C9A75300577190 /* CounterInteractor.swift */,
				82747E2724C9A77600577190 /* CounterPresenter.swift */,
				82747E2924C9A7BA00577190 /* CounterDisplayLogic.swift */,
				82747E2B24C9A7F700577190 /* CounterModels.swift */,
			);
			path = "Shared Code";
			sourceTree = "<group>";
		};
		82256F3224CACF1300EFDE90 /* Shared Code */ = {
			isa = PBXGroup;
			children = (
				82747E1424C9905300577190 /* MVCCounterViewModel.swift */,
				82747E1624C9907C00577190 /* MVCCounterDisplayLogic.swift */,
			);
			path = "Shared Code";
			sourceTree = "<group>";
		};
		82256F3324CACF4800EFDE90 /* Helpers */ = {
			isa = PBXGroup;
			children = (
				82747E6024C9B5F600577190 /* Extensions */,
				82747E3A24C9AF3300577190 /* Custom Views */,
			);
			path = Helpers;
			sourceTree = "<group>";
		};
		82256F3424CACF5D00EFDE90 /* SwiftUI */ = {
			isa = PBXGroup;
			children = (
				82747E1A24C990C600577190 /* MVCCounterViewAdapter.swift */,
				82747DFF24C98FC900577190 /* MVCCounterView.swift */,
			);
			path = SwiftUI;
			sourceTree = "<group>";
		};
		82256F3524CACF6600EFDE90 /* UIKit */ = {
			isa = PBXGroup;
			children = (
				828FF5CC24CAD57D00083EC0 /* MVCCounterViewControllerWrapper.swift */,
				82747E2F24C9A90700577190 /* MVCCounterViewController.swift */,
				82747E3124C9A91700577190 /* MVCCounter.storyboard */,
			);
			path = UIKit;
			sourceTree = "<group>";
		};
		82256F3624CACF8A00EFDE90 /* SwiftUI */ = {
			isa = PBXGroup;
			children = (
				82747E2324C9A71F00577190 /* CounterViewAdapter.swift */,
				82747E2D24C9A83D00577190 /* CounterView.swift */,
			);
			path = SwiftUI;
			sourceTree = "<group>";
		};
		82256F3724CACF9C00EFDE90 /* UIKit */ = {
			isa = PBXGroup;
			children = (
				8247C35124D2B8D900DDF97B /* CounterViewControllerWrapper.swift */,
				82747E3624C9AE1E00577190 /* CounterViewController.swift */,
				82747E3824C9AE2D00577190 /* CounterStoryboard.storyboard */,
			);
			path = UIKit;
			sourceTree = "<group>";
		};
		82747DEF24C98FC900577190 = {
			isa = PBXGroup;
			children = (
				82747E1324C9901500577190 /* Supporting Files */,
				82747DFA24C98FC900577190 /* Counter */,
				82747DF924C98FC900577190 /* Products */,
			);
			sourceTree = "<group>";
		};
		82747DF924C98FC900577190 /* Products */ = {
			isa = PBXGroup;
			children = (
				82747DF824C98FC900577190 /* Counter SwiftUI & UIKit MVC.app */,
				82747E5724C9AFA400577190 /* Counter SwiftUI & UIKit Clean Swift.app */,
			);
			name = Products;
			sourceTree = "<group>";
		};
		82747DFA24C98FC900577190 /* Counter */ = {
			isa = PBXGroup;
			children = (
				82747E5D24C9B21C00577190 /* HomeView.swift */,
				82256F3324CACF4800EFDE90 /* Helpers */,
				82256F2F24CACEC600EFDE90 /* Clean Swift Implementation */,
				82256F3024CACED300EFDE90 /* MVC Implementation */,
			);
			path = Counter;
			sourceTree = "<group>";
		};
		82747E1324C9901500577190 /* Supporting Files */ = {
			isa = PBXGroup;
			children = (
				82747DFB24C98FC900577190 /* AppDelegate.swift */,
				82747DFD24C98FC900577190 /* SceneDelegate.swift */,
				82747E0124C98FD200577190 /* Assets.xcassets */,
				82747E0624C98FD200577190 /* LaunchScreen.storyboard */,
				82747E0924C98FD200577190 /* Info.plist */,
			);
			path = "Supporting Files";
			sourceTree = "<group>";
		};
		82747E1C24C990FE00577190 /* SwiftUI */ = {
			isa = PBXGroup;
			children = (
				82747E6724C9D60A00577190 /* NeumorphicButtonStyle.swift */,
			);
			path = SwiftUI;
			sourceTree = "<group>";
		};
		82747E3324C9AADA00577190 /* UIKit */ = {
			isa = PBXGroup;
			children = (
				82747E3424C9AAFB00577190 /* CustomButtonUIKit.swift */,
			);
			path = UIKit;
			sourceTree = "<group>";
		};
		82747E3A24C9AF3300577190 /* Custom Views */ = {
			isa = PBXGroup;
			children = (
				82747E3324C9AADA00577190 /* UIKit */,
				82747E1C24C990FE00577190 /* SwiftUI */,
			);
			path = "Custom Views";
			sourceTree = "<group>";
		};
		82747E6024C9B5F600577190 /* Extensions */ = {
			isa = PBXGroup;
			children = (
				82747E6124C9B60600577190 /* Color.swift */,
				82747E6424C9BA8200577190 /* LinearGradient.swift */,
				828FF5CE24CAD98E00083EC0 /* UIApplication.swift */,
			);
			path = Extensions;
			sourceTree = "<group>";
		};
/* End PBXGroup section */

/* Begin PBXNativeTarget section */
		82747DF724C98FC900577190 /* Counter SwiftUI MVC */ = {
			isa = PBXNativeTarget;
			buildConfigurationList = 82747E0C24C98FD200577190 /* Build configuration list for PBXNativeTarget "Counter SwiftUI MVC" */;
			buildPhases = (
				82747DF424C98FC900577190 /* Sources */,
				82747DF524C98FC900577190 /* Frameworks */,
				82747DF624C98FC900577190 /* Resources */,
			);
			buildRules = (
			);
			dependencies = (
			);
			name = "Counter SwiftUI MVC";
			productName = "Counter SwiftUI";
			productReference = 82747DF824C98FC900577190 /* Counter SwiftUI & UIKit MVC.app */;
			productType = "com.apple.product-type.application";
		};
		82747E3B24C9AFA400577190 /* Counter SwiftUI Clean Swift */ = {
			isa = PBXNativeTarget;
			buildConfigurationList = 82747E5424C9AFA400577190 /* Build configuration list for PBXNativeTarget "Counter SwiftUI Clean Swift" */;
			buildPhases = (
				82747E3C24C9AFA400577190 /* Sources */,
				82747E4D24C9AFA400577190 /* Frameworks */,
				82747E4E24C9AFA400577190 /* Resources */,
			);
			buildRules = (
			);
			dependencies = (
			);
			name = "Counter SwiftUI Clean Swift";
			productName = "Counter SwiftUI";
			productReference = 82747E5724C9AFA400577190 /* Counter SwiftUI & UIKit Clean Swift.app */;
			productType = "com.apple.product-type.application";
		};
/* End PBXNativeTarget section */

/* Begin PBXProject section */
		82747DF024C98FC900577190 /* Project object */ = {
			isa = PBXProject;
			attributes = {
				LastSwiftUpdateCheck = 1150;
				LastUpgradeCheck = 1200;
				ORGANIZATIONNAME = "Tim Mikelj";
				TargetAttributes = {
					82747DF724C98FC900577190 = {
						CreatedOnToolsVersion = 11.5;
					};
				};
			};
			buildConfigurationList = 82747DF324C98FC900577190 /* Build configuration list for PBXProject "Counter SwiftUI" */;
			compatibilityVersion = "Xcode 9.3";
			developmentRegion = en;
			hasScannedForEncodings = 0;
			knownRegions = (
				en,
				Base,
			);
			mainGroup = 82747DEF24C98FC900577190;
			productRefGroup = 82747DF924C98FC900577190 /* Products */;
			projectDirPath = "";
			projectRoot = "";
			targets = (
				82747DF724C98FC900577190 /* Counter SwiftUI MVC */,
				82747E3B24C9AFA400577190 /* Counter SwiftUI Clean Swift */,
			);
		};
/* End PBXProject section */

/* Begin PBXResourcesBuildPhase section */
		82747DF624C98FC900577190 /* Resources */ = {
			isa = PBXResourcesBuildPhase;
			buildActionMask = 2147483647;
			files = (
				82747E0824C98FD200577190 /* LaunchScreen.storyboard in Resources */,
				82747E3224C9A91700577190 /* MVCCounter.storyboard in Resources */,
				82747E0224C98FD200577190 /* Assets.xcassets in Resources */,
			);
			runOnlyForDeploymentPostprocessing = 0;
		};
		82747E4E24C9AFA400577190 /* Resources */ = {
			isa = PBXResourcesBuildPhase;
			buildActionMask = 2147483647;
			files = (
				82747E4F24C9AFA400577190 /* CounterStoryboard.storyboard in Resources */,
				82747E5024C9AFA400577190 /* LaunchScreen.storyboard in Resources */,
				82747E5324C9AFA400577190 /* Assets.xcassets in Resources */,
			);
			runOnlyForDeploymentPostprocessing = 0;
		};
/* End PBXResourcesBuildPhase section */

/* Begin PBXSourcesBuildPhase section */
		82747DF424C98FC900577190 /* Sources */ = {
			isa = PBXSourcesBuildPhase;
			buildActionMask = 2147483647;
			files = (
				82747E3524C9AAFB00577190 /* CustomButtonUIKit.swift in Sources */,
				82747E1724C9907C00577190 /* MVCCounterDisplayLogic.swift in Sources */,
				82747E6224C9B60600577190 /* Color.swift in Sources */,
				82747E6824C9D60A00577190 /* NeumorphicButtonStyle.swift in Sources */,
				82747DFC24C98FC900577190 /* AppDelegate.swift in Sources */,
				82747E6524C9BA8200577190 /* LinearGradient.swift in Sources */,
				82747E1B24C990C600577190 /* MVCCounterViewAdapter.swift in Sources */,
				82747DFE24C98FC900577190 /* SceneDelegate.swift in Sources */,
				828FF5CF24CAD98E00083EC0 /* UIApplication.swift in Sources */,
				82747E5E24C9B21C00577190 /* HomeView.swift in Sources */,
				82747E1524C9905300577190 /* MVCCounterViewModel.swift in Sources */,
				828FF5CD24CAD57D00083EC0 /* MVCCounterViewControllerWrapper.swift in Sources */,
				82747E0024C98FC900577190 /* MVCCounterView.swift in Sources */,
				82747E3024C9A90700577190 /* MVCCounterViewController.swift in Sources */,
			);
			runOnlyForDeploymentPostprocessing = 0;
		};
		82747E3C24C9AFA400577190 /* Sources */ = {
			isa = PBXSourcesBuildPhase;
			buildActionMask = 2147483647;
			files = (
				82747E3D24C9AFA400577190 /* CustomButtonUIKit.swift in Sources */,
				82747E3F24C9AFA400577190 /* AppDelegate.swift in Sources */,
				82747E4124C9AFA400577190 /* SceneDelegate.swift in Sources */,
				82747E4224C9AFA400577190 /* CounterViewController.swift in Sources */,
				82747E6324C9B66300577190 /* Color.swift in Sources */,
				82747E5F24C9B22100577190 /* HomeView.swift in Sources */,
				82747E4424C9AFA400577190 /* CounterPresenter.swift in Sources */,
				8247C35224D2B8D900DDF97B /* CounterViewControllerWrapper.swift in Sources */,
				82747E4524C9AFA400577190 /* CounterDisplayLogic.swift in Sources */,
				82747E4724C9AFA400577190 /* CounterView.swift in Sources */,
				82747E4A24C9AFA400577190 /* CounterInteractor.swift in Sources */,
				82747E4B24C9AFA400577190 /* CounterModels.swift in Sources */,
				82747E6624C9BA9600577190 /* LinearGradient.swift in Sources */,
				82747E4C24C9AFA400577190 /* CounterViewAdapter.swift in Sources */,
				82747E6924C9D96100577190 /* NeumorphicButtonStyle.swift in Sources */,
			);
			runOnlyForDeploymentPostprocessing = 0;
		};
/* End PBXSourcesBuildPhase section */

/* Begin PBXVariantGroup section */
		82747E0624C98FD200577190 /* LaunchScreen.storyboard */ = {
			isa = PBXVariantGroup;
			children = (
				82747E0724C98FD200577190 /* Base */,
			);
			name = LaunchScreen.storyboard;
			sourceTree = "<group>";
		};
/* End PBXVariantGroup section */

/* Begin XCBuildConfiguration section */
		82747E0A24C98FD200577190 /* Debug */ = {
			isa = XCBuildConfiguration;
			buildSettings = {
				ALWAYS_SEARCH_USER_PATHS = NO;
				CLANG_ANALYZER_NONNULL = YES;
				CLANG_ANALYZER_NUMBER_OBJECT_CONVERSION = YES_AGGRESSIVE;
				CLANG_CXX_LANGUAGE_STANDARD = "gnu++14";
				CLANG_CXX_LIBRARY = "libc++";
				CLANG_ENABLE_MODULES = YES;
				CLANG_ENABLE_OBJC_ARC = YES;
				CLANG_ENABLE_OBJC_WEAK = YES;
				CLANG_WARN_BLOCK_CAPTURE_AUTORELEASING = YES;
				CLANG_WARN_BOOL_CONVERSION = YES;
				CLANG_WARN_COMMA = YES;
				CLANG_WARN_CONSTANT_CONVERSION = YES;
				CLANG_WARN_DEPRECATED_OBJC_IMPLEMENTATIONS = YES;
				CLANG_WARN_DIRECT_OBJC_ISA_USAGE = YES_ERROR;
				CLANG_WARN_DOCUMENTATION_COMMENTS = YES;
				CLANG_WARN_EMPTY_BODY = YES;
				CLANG_WARN_ENUM_CONVERSION = YES;
				CLANG_WARN_INFINITE_RECURSION = YES;
				CLANG_WARN_INT_CONVERSION = YES;
				CLANG_WARN_NON_LITERAL_NULL_CONVERSION = YES;
				CLANG_WARN_OBJC_IMPLICIT_RETAIN_SELF = YES;
				CLANG_WARN_OBJC_LITERAL_CONVERSION = YES;
				CLANG_WARN_OBJC_ROOT_CLASS = YES_ERROR;
				CLANG_WARN_QUOTED_INCLUDE_IN_FRAMEWORK_HEADER = YES;
				CLANG_WARN_RANGE_LOOP_ANALYSIS = YES;
				CLANG_WARN_STRICT_PROTOTYPES = YES;
				CLANG_WARN_SUSPICIOUS_MOVE = YES;
				CLANG_WARN_UNGUARDED_AVAILABILITY = YES_AGGRESSIVE;
				CLANG_WARN_UNREACHABLE_CODE = YES;
				CLANG_WARN__DUPLICATE_METHOD_MATCH = YES;
				COPY_PHASE_STRIP = NO;
				DEBUG_INFORMATION_FORMAT = dwarf;
				ENABLE_STRICT_OBJC_MSGSEND = YES;
				ENABLE_TESTABILITY = YES;
				GCC_C_LANGUAGE_STANDARD = gnu11;
				GCC_DYNAMIC_NO_PIC = NO;
				GCC_NO_COMMON_BLOCKS = YES;
				GCC_OPTIMIZATION_LEVEL = 0;
				GCC_PREPROCESSOR_DEFINITIONS = (
					"DEBUG=1",
					"$(inherited)",
				);
				GCC_WARN_64_TO_32_BIT_CONVERSION = YES;
				GCC_WARN_ABOUT_RETURN_TYPE = YES_ERROR;
				GCC_WARN_UNDECLARED_SELECTOR = YES;
				GCC_WARN_UNINITIALIZED_AUTOS = YES_AGGRESSIVE;
				GCC_WARN_UNUSED_FUNCTION = YES;
				GCC_WARN_UNUSED_VARIABLE = YES;
				IPHONEOS_DEPLOYMENT_TARGET = 13.0;
				MTL_ENABLE_DEBUG_INFO = INCLUDE_SOURCE;
				MTL_FAST_MATH = YES;
				ONLY_ACTIVE_ARCH = YES;
				SDKROOT = iphoneos;
				SWIFT_ACTIVE_COMPILATION_CONDITIONS = DEBUG;
				SWIFT_OPTIMIZATION_LEVEL = "-Onone";
			};
			name = Debug;
		};
		82747E0B24C98FD200577190 /* Release */ = {
			isa = XCBuildConfiguration;
			buildSettings = {
				ALWAYS_SEARCH_USER_PATHS = NO;
				CLANG_ANALYZER_NONNULL = YES;
				CLANG_ANALYZER_NUMBER_OBJECT_CONVERSION = YES_AGGRESSIVE;
				CLANG_CXX_LANGUAGE_STANDARD = "gnu++14";
				CLANG_CXX_LIBRARY = "libc++";
				CLANG_ENABLE_MODULES = YES;
				CLANG_ENABLE_OBJC_ARC = YES;
				CLANG_ENABLE_OBJC_WEAK = YES;
				CLANG_WARN_BLOCK_CAPTURE_AUTORELEASING = YES;
				CLANG_WARN_BOOL_CONVERSION = YES;
				CLANG_WARN_COMMA = YES;
				CLANG_WARN_CONSTANT_CONVERSION = YES;
				CLANG_WARN_DEPRECATED_OBJC_IMPLEMENTATIONS = YES;
				CLANG_WARN_DIRECT_OBJC_ISA_USAGE = YES_ERROR;
				CLANG_WARN_DOCUMENTATION_COMMENTS = YES;
				CLANG_WARN_EMPTY_BODY = YES;
				CLANG_WARN_ENUM_CONVERSION = YES;
				CLANG_WARN_INFINITE_RECURSION = YES;
				CLANG_WARN_INT_CONVERSION = YES;
				CLANG_WARN_NON_LITERAL_NULL_CONVERSION = YES;
				CLANG_WARN_OBJC_IMPLICIT_RETAIN_SELF = YES;
				CLANG_WARN_OBJC_LITERAL_CONVERSION = YES;
				CLANG_WARN_OBJC_ROOT_CLASS = YES_ERROR;
				CLANG_WARN_QUOTED_INCLUDE_IN_FRAMEWORK_HEADER = YES;
				CLANG_WARN_RANGE_LOOP_ANALYSIS = YES;
				CLANG_WARN_STRICT_PROTOTYPES = YES;
				CLANG_WARN_SUSPICIOUS_MOVE = YES;
				CLANG_WARN_UNGUARDED_AVAILABILITY = YES_AGGRESSIVE;
				CLANG_WARN_UNREACHABLE_CODE = YES;
				CLANG_WARN__DUPLICATE_METHOD_MATCH = YES;
				COPY_PHASE_STRIP = NO;
				DEBUG_INFORMATION_FORMAT = "dwarf-with-dsym";
				ENABLE_NS_ASSERTIONS = NO;
				ENABLE_STRICT_OBJC_MSGSEND = YES;
				GCC_C_LANGUAGE_STANDARD = gnu11;
				GCC_NO_COMMON_BLOCKS = YES;
				GCC_WARN_64_TO_32_BIT_CONVERSION = YES;
				GCC_WARN_ABOUT_RETURN_TYPE = YES_ERROR;
				GCC_WARN_UNDECLARED_SELECTOR = YES;
				GCC_WARN_UNINITIALIZED_AUTOS = YES_AGGRESSIVE;
				GCC_WARN_UNUSED_FUNCTION = YES;
				GCC_WARN_UNUSED_VARIABLE = YES;
				IPHONEOS_DEPLOYMENT_TARGET = 13.0;
				MTL_ENABLE_DEBUG_INFO = NO;
				MTL_FAST_MATH = YES;
				SDKROOT = iphoneos;
				SWIFT_COMPILATION_MODE = wholemodule;
				SWIFT_OPTIMIZATION_LEVEL = "-O";
				VALIDATE_PRODUCT = YES;
			};
			name = Release;
		};
		82747E0D24C98FD200577190 /* Debug */ = {
			isa = XCBuildConfiguration;
			buildSettings = {
				ASSETCATALOG_COMPILER_APPICON_NAME = AppIcon;
				CODE_SIGN_STYLE = Automatic;
				DEVELOPMENT_ASSET_PATHS = "";
				DEVELOPMENT_TEAM = 43HPDBHL29;
				ENABLE_PREVIEWS = YES;
				INFOPLIST_FILE = "Supporting Files/Info.plist";
				LD_RUNPATH_SEARCH_PATHS = (
					"$(inherited)",
					"@executable_path/Frameworks",
				);
				OTHER_SWIFT_FLAGS = "-D MVCTarget";
				PRODUCT_BUNDLE_IDENTIFIER = "com.timmikelj.Counter-SwiftUI-UIKit-MVC";
				PRODUCT_NAME = "Counter SwiftUI & UIKit MVC";
				SWIFT_VERSION = 5.0;
				TARGETED_DEVICE_FAMILY = "1,2";
			};
			name = Debug;
		};
		82747E0E24C98FD200577190 /* Release */ = {
			isa = XCBuildConfiguration;
			buildSettings = {
				ASSETCATALOG_COMPILER_APPICON_NAME = AppIcon;
				CODE_SIGN_STYLE = Automatic;
				DEVELOPMENT_ASSET_PATHS = "";
				DEVELOPMENT_TEAM = 43HPDBHL29;
				ENABLE_PREVIEWS = YES;
				INFOPLIST_FILE = "Supporting Files/Info.plist";
				LD_RUNPATH_SEARCH_PATHS = (
					"$(inherited)",
					"@executable_path/Frameworks",
				);
				OTHER_SWIFT_FLAGS = "-D MVCTarget";
				PRODUCT_BUNDLE_IDENTIFIER = "com.timmikelj.Counter-SwiftUI-UIKit-MVC";
				PRODUCT_NAME = "Counter SwiftUI & UIKit MVC";
				SWIFT_VERSION = 5.0;
				TARGETED_DEVICE_FAMILY = "1,2";
			};
			name = Release;
		};
		82747E5524C9AFA400577190 /* Debug */ = {
			isa = XCBuildConfiguration;
			buildSettings = {
				ASSETCATALOG_COMPILER_APPICON_NAME = AppIcon;
				CODE_SIGN_STYLE = Automatic;
				DEVELOPMENT_ASSET_PATHS = "";
				DEVELOPMENT_TEAM = 43HPDBHL29;
				ENABLE_PREVIEWS = YES;
				INFOPLIST_FILE = "Supporting Files/Info.plist";
				LD_RUNPATH_SEARCH_PATHS = (
					"$(inherited)",
					"@executable_path/Frameworks",
				);
				OTHER_SWIFT_FLAGS = "-D CleanSwiftTarget";
				PRODUCT_BUNDLE_IDENTIFIER = "com.timmikelj.Counter-SwiftUI-UIKit-Clean-Swift";
				PRODUCT_NAME = "Counter SwiftUI & UIKit Clean Swift";
				SWIFT_VERSION = 5.0;
				TARGETED_DEVICE_FAMILY = "1,2";
			};
			name = Debug;
		};
		82747E5624C9AFA400577190 /* Release */ = {
			isa = XCBuildConfiguration;
			buildSettings = {
				ASSETCATALOG_COMPILER_APPICON_NAME = AppIcon;
				CODE_SIGN_STYLE = Automatic;
				DEVELOPMENT_ASSET_PATHS = "";
				DEVELOPMENT_TEAM = 43HPDBHL29;
				ENABLE_PREVIEWS = YES;
				INFOPLIST_FILE = "Supporting Files/Info.plist";
				LD_RUNPATH_SEARCH_PATHS = (
					"$(inherited)",
					"@executable_path/Frameworks",
				);
				OTHER_SWIFT_FLAGS = "-D CleanSwiftTarget";
				PRODUCT_BUNDLE_IDENTIFIER = "com.timmikelj.Counter-SwiftUI-UIKit-Clean-Swift";
				PRODUCT_NAME = "Counter SwiftUI & UIKit Clean Swift";
				SWIFT_VERSION = 5.0;
				TARGETED_DEVICE_FAMILY = "1,2";
			};
			name = Release;
		};
/* End XCBuildConfiguration section */

/* Begin XCConfigurationList section */
		82747DF324C98FC900577190 /* Build configuration list for PBXProject "Counter SwiftUI" */ = {
			isa = XCConfigurationList;
			buildConfigurations = (
				82747E0A24C98FD200577190 /* Debug */,
				82747E0B24C98FD200577190 /* Release */,
			);
			defaultConfigurationIsVisible = 0;
			defaultConfigurationName = Release;
		};
		82747E0C24C98FD200577190 /* Build configuration list for PBXNativeTarget "Counter SwiftUI MVC" */ = {
			isa = XCConfigurationList;
			buildConfigurations = (
				82747E0D24C98FD200577190 /* Debug */,
				82747E0E24C98FD200577190 /* Release */,
			);
			defaultConfigurationIsVisible = 0;
			defaultConfigurationName = Release;
		};
		82747E5424C9AFA400577190 /* Build configuration list for PBXNativeTarget "Counter SwiftUI Clean Swift" */ = {
			isa = XCConfigurationList;
			buildConfigurations = (
				82747E5524C9AFA400577190 /* Debug */,
				82747E5624C9AFA400577190 /* Release */,
			);
			defaultConfigurationIsVisible = 0;
			defaultConfigurationName = Release;
		};
/* End XCConfigurationList section */
	};
	rootObject = 82747DF024C98FC900577190 /* Project object */;
}
